
Microsoft Visual Studio Solution File, Format Version 12.00
# Visual Studio Version 16
VisualStudioVersion = 16.0.30523.141
MinimumVisualStudioVersion = 10.0.40219.1
Project("{9A19103F-16F7-4668-BE54-9A1E7A4F7556}") = "Micro.Account", "Micro.Account.csproj", "{28BDFBC2-08C7-4A94-A92C-7C129CC00C5B}"
EndProject
Global
	GlobalSection(SolutionConfigurationPlatforms) = preSolution
		Debug|Any CPU = Debug|Any CPU
		Release|Any CPU = Release|Any CPU
	EndGlobalSection
	GlobalSection(ProjectConfigurationPlatforms) = postSolution
		{28BDFBC2-08C7-4A94-A92C-7C129CC00C5B}.Debug|Any CPU.ActiveCfg = Debug|Any CPU
		{28BDFBC2-08C7-4A94-A92C-7C129CC00C5B}.Debug|Any CPU.Build.0 = Debug|Any CPU
		{28BDFBC2-08C7-4A94-A92C-7C129CC00C5B}.Release|Any CPU.ActiveCfg = Release|Any CPU
		{28BDFBC2-08C7-4A94-A92C-7C129CC00C5B}.Release|Any CPU.Build.0 = Release|Any CPU
	EndGlobalSection
	GlobalSection(SolutionProperties) = preSolution
		HideSolutionNode = FALSE
	EndGlobalSection
	GlobalSection(ExtensibilityGlobals) = postSolution
		SolutionGuid = {A99ED11C-DDF1-4CC1-8FCC-6D006CF1216B}
	EndGlobalSection
EndGlobal
